// !$*UTF8*$!
{
	archiveVersion = 1;
	classes = {
	};
	objectVersion = 51;
	objects = {

/* Begin PBXBuildFile section */
		78425EE6D78533A6836CBE79 /* Pods_Movielix_MovielixUITests.framework in Frameworks */ = {isa = PBXBuildFile; fileRef = 2B265D64B8777D4FA07C8273 /* Pods_Movielix_MovielixUITests.framework */; };
		9332251662091178F36C4CC6 /* Pods_Movielix.framework in Frameworks */ = {isa = PBXBuildFile; fileRef = 5843E2EFA73F9DDAA4B565C2 /* Pods_Movielix.framework */; };
		A94A13CBE1FBB51660A6743F /* Pods_MovielixTests.framework in Frameworks */ = {isa = PBXBuildFile; fileRef = F9630F13CF3940A9C6195E33 /* Pods_MovielixTests.framework */; };
		D693550F2463180D00B90B0F /* stay-home-stay-safe.json in Resources */ = {isa = PBXBuildFile; fileRef = D693550E2463180D00B90B0F /* stay-home-stay-safe.json */; };
		D69355132463291500B90B0F /* ReusableView.swift in Sources */ = {isa = PBXBuildFile; fileRef = D69355122463291500B90B0F /* ReusableView.swift */; };
		D69355162463299200B90B0F /* UITableViewCell+Extension.swift in Sources */ = {isa = PBXBuildFile; fileRef = D69355152463299200B90B0F /* UITableViewCell+Extension.swift */; };
		D693551824632A1100B90B0F /* UITableView+Extension.swift in Sources */ = {isa = PBXBuildFile; fileRef = D693551724632A1100B90B0F /* UITableView+Extension.swift */; };
		D693551A24632A5800B90B0F /* UITableViewHeaderFooterView+Extension.swift in Sources */ = {isa = PBXBuildFile; fileRef = D693551924632A5800B90B0F /* UITableViewHeaderFooterView+Extension.swift */; };
		D693551C24632C6E00B90B0F /* UIViewController+Extension.swift in Sources */ = {isa = PBXBuildFile; fileRef = D693551B24632C6E00B90B0F /* UIViewController+Extension.swift */; };
		D69355212463304800B90B0F /* MovieSearchViewController.swift in Sources */ = {isa = PBXBuildFile; fileRef = D693551F2463304800B90B0F /* MovieSearchViewController.swift */; };
		D69355222463304800B90B0F /* MovieSearchViewController.xib in Resources */ = {isa = PBXBuildFile; fileRef = D69355202463304800B90B0F /* MovieSearchViewController.xib */; };
		D69355242463374D00B90B0F /* NavigationController.swift in Sources */ = {isa = PBXBuildFile; fileRef = D69355232463374D00B90B0F /* NavigationController.swift */; };
		D693552624633AC300B90B0F /* UIColor+Extension.swift in Sources */ = {isa = PBXBuildFile; fileRef = D693552524633AC300B90B0F /* UIColor+Extension.swift */; };
		D693552C24634CC200B90B0F /* Result.swift in Sources */ = {isa = PBXBuildFile; fileRef = D693552B24634CC200B90B0F /* Result.swift */; };
		D693552F24634D0200B90B0F /* Responsable.swift in Sources */ = {isa = PBXBuildFile; fileRef = D693552E24634D0200B90B0F /* Responsable.swift */; };
		D693553224634EA300B90B0F /* Movie.swift in Sources */ = {isa = PBXBuildFile; fileRef = D693553124634EA300B90B0F /* Movie.swift */; };
		D693553724634FEF00B90B0F /* JsonReaderTests.swift in Sources */ = {isa = PBXBuildFile; fileRef = D693553624634FEF00B90B0F /* JsonReaderTests.swift */; };
		D69355392463509D00B90B0F /* MovieResponsable.swift in Sources */ = {isa = PBXBuildFile; fileRef = D69355382463509D00B90B0F /* MovieResponsable.swift */; };
		D693553B246350FA00B90B0F /* MovieResponse.swift in Sources */ = {isa = PBXBuildFile; fileRef = D693553A246350FA00B90B0F /* MovieResponse.swift */; };
		D693553F2463548600B90B0F /* movies.json in Resources */ = {isa = PBXBuildFile; fileRef = D693553E2463548600B90B0F /* movies.json */; };
		D6935542246356E500B90B0F /* MovieSearchInteractor.swift in Sources */ = {isa = PBXBuildFile; fileRef = D6935541246356E500B90B0F /* MovieSearchInteractor.swift */; };
		D693554524636D7D00B90B0F /* Coordinator.swift in Sources */ = {isa = PBXBuildFile; fileRef = D693554424636D7D00B90B0F /* Coordinator.swift */; };
		D693554C2463723C00B90B0F /* LaunchViewController.swift in Sources */ = {isa = PBXBuildFile; fileRef = D693554A2463723C00B90B0F /* LaunchViewController.swift */; };
		D693554D2463723C00B90B0F /* LaunchViewController.xib in Resources */ = {isa = PBXBuildFile; fileRef = D693554B2463723C00B90B0F /* LaunchViewController.xib */; };
		D69355502463764500B90B0F /* LaunchCoordinator.swift in Sources */ = {isa = PBXBuildFile; fileRef = D693554F2463764500B90B0F /* LaunchCoordinator.swift */; };
		D693555324637A9700B90B0F /* MovieSearchCoordinator.swift in Sources */ = {isa = PBXBuildFile; fileRef = D693555224637A9700B90B0F /* MovieSearchCoordinator.swift */; };
		D6935559246382E000B90B0F /* MovieDetailsViewController.swift in Sources */ = {isa = PBXBuildFile; fileRef = D6935557246382E000B90B0F /* MovieDetailsViewController.swift */; };
		D693555A246382E000B90B0F /* MovieDetailsViewController.xib in Resources */ = {isa = PBXBuildFile; fileRef = D6935558246382E000B90B0F /* MovieDetailsViewController.xib */; };
		D693555C246382FB00B90B0F /* MovieDetailsCoordinator.swift in Sources */ = {isa = PBXBuildFile; fileRef = D693555B246382FB00B90B0F /* MovieDetailsCoordinator.swift */; };
		D693555F246387D200B90B0F /* MovieSearchPresenter.swift in Sources */ = {isa = PBXBuildFile; fileRef = D693555E246387D200B90B0F /* MovieSearchPresenter.swift */; };
		D693556324639B2900B90B0F /* YearMives.swift in Sources */ = {isa = PBXBuildFile; fileRef = D693556224639B2900B90B0F /* YearMives.swift */; };
		D69355662463A9E600B90B0F /* JsonReader.swift in Sources */ = {isa = PBXBuildFile; fileRef = D69355652463A9E600B90B0F /* JsonReader.swift */; };
		D69355682463AC3900B90B0F /* MovieSorter.swift in Sources */ = {isa = PBXBuildFile; fileRef = D69355672463AC3900B90B0F /* MovieSorter.swift */; };
		D693556A2463AE6900B90B0F /* MovieCatogrizer.swift in Sources */ = {isa = PBXBuildFile; fileRef = D69355692463AE6900B90B0F /* MovieCatogrizer.swift */; };
		D693556C2463B3DB00B90B0F /* MovieSearcher.swift in Sources */ = {isa = PBXBuildFile; fileRef = D693556B2463B3DB00B90B0F /* MovieSearcher.swift */; };
		D69355702463C2FD00B90B0F /* MovieSearchDataSource.swift in Sources */ = {isa = PBXBuildFile; fileRef = D693556F2463C2FD00B90B0F /* MovieSearchDataSource.swift */; };
		D693557A2463C58A00B90B0F /* MovieSearchCell.swift in Sources */ = {isa = PBXBuildFile; fileRef = D69355782463C58A00B90B0F /* MovieSearchCell.swift */; };
		D693557B2463C58A00B90B0F /* MovieSearchCell.xib in Resources */ = {isa = PBXBuildFile; fileRef = D69355792463C58A00B90B0F /* MovieSearchCell.xib */; };
		D693557D2463CD1F00B90B0F /* AnyOrderDataSource.swift in Sources */ = {isa = PBXBuildFile; fileRef = D693557C2463CD1F00B90B0F /* AnyOrderDataSource.swift */; };
		D69355832463D8CB00B90B0F /* SF-Pro-Display-Regular.otf in Resources */ = {isa = PBXBuildFile; fileRef = D693557F2463D8CB00B90B0F /* SF-Pro-Display-Regular.otf */; };
		D69355842463D8CB00B90B0F /* SF-Pro-Display-Bold.otf in Resources */ = {isa = PBXBuildFile; fileRef = D69355802463D8CB00B90B0F /* SF-Pro-Display-Bold.otf */; };
		D69355852463D8CB00B90B0F /* SF-Pro-Display-Medium.otf in Resources */ = {isa = PBXBuildFile; fileRef = D69355812463D8CB00B90B0F /* SF-Pro-Display-Medium.otf */; };
		D69355862463D8CB00B90B0F /* SF-Pro-Display-Semibold.otf in Resources */ = {isa = PBXBuildFile; fileRef = D69355822463D8CB00B90B0F /* SF-Pro-Display-Semibold.otf */; };
		D69355892463D94900B90B0F /* RoundedView.swift in Sources */ = {isa = PBXBuildFile; fileRef = D69355882463D94900B90B0F /* RoundedView.swift */; };
		D693558B2463DC4800B90B0F /* Font+Extension.swift in Sources */ = {isa = PBXBuildFile; fileRef = D693558A2463DC4800B90B0F /* Font+Extension.swift */; };
		D693558D2463FAB500B90B0F /* stretch.json in Resources */ = {isa = PBXBuildFile; fileRef = D693558C2463FAB500B90B0F /* stretch.json */; };
		D69481A12462FAE000CE18D5 /* AppDelegate.swift in Sources */ = {isa = PBXBuildFile; fileRef = D69481A02462FAE000CE18D5 /* AppDelegate.swift */; };
		D69481AA2462FAE100CE18D5 /* Assets.xcassets in Resources */ = {isa = PBXBuildFile; fileRef = D69481A92462FAE100CE18D5 /* Assets.xcassets */; };
		D69481AD2462FAE100CE18D5 /* LaunchScreen.storyboard in Resources */ = {isa = PBXBuildFile; fileRef = D69481AB2462FAE100CE18D5 /* LaunchScreen.storyboard */; };
		D69481B82462FAE100CE18D5 /* MovielixTests.swift in Sources */ = {isa = PBXBuildFile; fileRef = D69481B72462FAE100CE18D5 /* MovielixTests.swift */; };
		D69481C32462FAE100CE18D5 /* MovielixUITests.swift in Sources */ = {isa = PBXBuildFile; fileRef = D69481C22462FAE100CE18D5 /* MovielixUITests.swift */; };
		D6C849182464A8FC002A220A /* MoyaDetailsTarget.swift in Sources */ = {isa = PBXBuildFile; fileRef = D6C849172464A8FC002A220A /* MoyaDetailsTarget.swift */; };
		D6C8491B2464A99C002A220A /* MoyaDetailsConstant.swift in Sources */ = {isa = PBXBuildFile; fileRef = D6C8491A2464A99C002A220A /* MoyaDetailsConstant.swift */; };
		D6C8491E2464AD02002A220A /* FlickrPhoto.swift in Sources */ = {isa = PBXBuildFile; fileRef = D6C8491D2464AD02002A220A /* FlickrPhoto.swift */; };
		D6C849212464AE17002A220A /* MovieDetailsInteractor.swift in Sources */ = {isa = PBXBuildFile; fileRef = D6C849202464AE17002A220A /* MovieDetailsInteractor.swift */; };
		D6C849242464AFCA002A220A /* MovieDetailsPresenter.swift in Sources */ = {isa = PBXBuildFile; fileRef = D6C849232464AFCA002A220A /* MovieDetailsPresenter.swift */; };
		D6C849272464BEA3002A220A /* MovieDetailsDataSource.swift in Sources */ = {isa = PBXBuildFile; fileRef = D6C849262464BEA3002A220A /* MovieDetailsDataSource.swift */; };
		D6C8492D2464C28D002A220A /* FlickrPhotoCell.swift in Sources */ = {isa = PBXBuildFile; fileRef = D6C8492B2464C28D002A220A /* FlickrPhotoCell.swift */; };
		D6C8492E2464C28D002A220A /* FlickrPhotoCell.xib in Resources */ = {isa = PBXBuildFile; fileRef = D6C8492C2464C28D002A220A /* FlickrPhotoCell.xib */; };
		D6C849302464C465002A220A /* UICollectionView+Extension.swift in Sources */ = {isa = PBXBuildFile; fileRef = D6C8492F2464C465002A220A /* UICollectionView+Extension.swift */; };
		D6C849322464D9B8002A220A /* smiley.json in Resources */ = {isa = PBXBuildFile; fileRef = D6C849312464D9B8002A220A /* smiley.json */; };
/* End PBXBuildFile section */

/* Begin PBXContainerItemProxy section */
		D69481B42462FAE100CE18D5 /* PBXContainerItemProxy */ = {
			isa = PBXContainerItemProxy;
			containerPortal = D69481952462FAE000CE18D5 /* Project object */;
			proxyType = 1;
			remoteGlobalIDString = D694819C2462FAE000CE18D5;
			remoteInfo = Movielix;
		};
		D69481BF2462FAE100CE18D5 /* PBXContainerItemProxy */ = {
			isa = PBXContainerItemProxy;
			containerPortal = D69481952462FAE000CE18D5 /* Project object */;
			proxyType = 1;
			remoteGlobalIDString = D694819C2462FAE000CE18D5;
			remoteInfo = Movielix;
		};
/* End PBXContainerItemProxy section */

/* Begin PBXFileReference section */
		195F3A218770CDA831EE47B7 /* Pods-Movielix-MovielixUITests.debug.xcconfig */ = {isa = PBXFileReference; includeInIndex = 1; lastKnownFileType = text.xcconfig; name = "Pods-Movielix-MovielixUITests.debug.xcconfig"; path = "Target Support Files/Pods-Movielix-MovielixUITests/Pods-Movielix-MovielixUITests.debug.xcconfig"; sourceTree = "<group>"; };
		29244786D2548B773FC65200 /* Pods-Movielix.release.xcconfig */ = {isa = PBXFileReference; includeInIndex = 1; lastKnownFileType = text.xcconfig; name = "Pods-Movielix.release.xcconfig"; path = "Target Support Files/Pods-Movielix/Pods-Movielix.release.xcconfig"; sourceTree = "<group>"; };
		2B265D64B8777D4FA07C8273 /* Pods_Movielix_MovielixUITests.framework */ = {isa = PBXFileReference; explicitFileType = wrapper.framework; includeInIndex = 0; path = Pods_Movielix_MovielixUITests.framework; sourceTree = BUILT_PRODUCTS_DIR; };
		4C12EBC99C271DDECA11CF44 /* Pods-Movielix-MovielixUITests.release.xcconfig */ = {isa = PBXFileReference; includeInIndex = 1; lastKnownFileType = text.xcconfig; name = "Pods-Movielix-MovielixUITests.release.xcconfig"; path = "Target Support Files/Pods-Movielix-MovielixUITests/Pods-Movielix-MovielixUITests.release.xcconfig"; sourceTree = "<group>"; };
		5843E2EFA73F9DDAA4B565C2 /* Pods_Movielix.framework */ = {isa = PBXFileReference; explicitFileType = wrapper.framework; includeInIndex = 0; path = Pods_Movielix.framework; sourceTree = BUILT_PRODUCTS_DIR; };
		862CFFB997F1DA302A938AD7 /* Pods-Movielix.debug.xcconfig */ = {isa = PBXFileReference; includeInIndex = 1; lastKnownFileType = text.xcconfig; name = "Pods-Movielix.debug.xcconfig"; path = "Target Support Files/Pods-Movielix/Pods-Movielix.debug.xcconfig"; sourceTree = "<group>"; };
		87467C7D3B3C7D0399372BBF /* Pods-MovielixTests.release.xcconfig */ = {isa = PBXFileReference; includeInIndex = 1; lastKnownFileType = text.xcconfig; name = "Pods-MovielixTests.release.xcconfig"; path = "Target Support Files/Pods-MovielixTests/Pods-MovielixTests.release.xcconfig"; sourceTree = "<group>"; };
		BC2098BDFFAE6FED290C5D4B /* Pods-MovielixTests.debug.xcconfig */ = {isa = PBXFileReference; includeInIndex = 1; lastKnownFileType = text.xcconfig; name = "Pods-MovielixTests.debug.xcconfig"; path = "Target Support Files/Pods-MovielixTests/Pods-MovielixTests.debug.xcconfig"; sourceTree = "<group>"; };
		D693550E2463180D00B90B0F /* stay-home-stay-safe.json */ = {isa = PBXFileReference; fileEncoding = 4; lastKnownFileType = text.json; path = "stay-home-stay-safe.json"; sourceTree = "<group>"; };
		D69355122463291500B90B0F /* ReusableView.swift */ = {isa = PBXFileReference; lastKnownFileType = sourcecode.swift; path = ReusableView.swift; sourceTree = "<group>"; };
		D69355152463299200B90B0F /* UITableViewCell+Extension.swift */ = {isa = PBXFileReference; lastKnownFileType = sourcecode.swift; path = "UITableViewCell+Extension.swift"; sourceTree = "<group>"; };
		D693551724632A1100B90B0F /* UITableView+Extension.swift */ = {isa = PBXFileReference; lastKnownFileType = sourcecode.swift; path = "UITableView+Extension.swift"; sourceTree = "<group>"; };
		D693551924632A5800B90B0F /* UITableViewHeaderFooterView+Extension.swift */ = {isa = PBXFileReference; lastKnownFileType = sourcecode.swift; path = "UITableViewHeaderFooterView+Extension.swift"; sourceTree = "<group>"; };
		D693551B24632C6E00B90B0F /* UIViewController+Extension.swift */ = {isa = PBXFileReference; lastKnownFileType = sourcecode.swift; path = "UIViewController+Extension.swift"; sourceTree = "<group>"; };
		D693551F2463304800B90B0F /* MovieSearchViewController.swift */ = {isa = PBXFileReference; lastKnownFileType = sourcecode.swift; path = MovieSearchViewController.swift; sourceTree = "<group>"; };
		D69355202463304800B90B0F /* MovieSearchViewController.xib */ = {isa = PBXFileReference; lastKnownFileType = file.xib; path = MovieSearchViewController.xib; sourceTree = "<group>"; };
		D69355232463374D00B90B0F /* NavigationController.swift */ = {isa = PBXFileReference; lastKnownFileType = sourcecode.swift; path = NavigationController.swift; sourceTree = "<group>"; };
		D693552524633AC300B90B0F /* UIColor+Extension.swift */ = {isa = PBXFileReference; lastKnownFileType = sourcecode.swift; path = "UIColor+Extension.swift"; sourceTree = "<group>"; };
		D693552B24634CC200B90B0F /* Result.swift */ = {isa = PBXFileReference; lastKnownFileType = sourcecode.swift; path = Result.swift; sourceTree = "<group>"; };
		D693552E24634D0200B90B0F /* Responsable.swift */ = {isa = PBXFileReference; lastKnownFileType = sourcecode.swift; path = Responsable.swift; sourceTree = "<group>"; };
		D693553124634EA300B90B0F /* Movie.swift */ = {isa = PBXFileReference; lastKnownFileType = sourcecode.swift; path = Movie.swift; sourceTree = "<group>"; };
		D693553624634FEF00B90B0F /* JsonReaderTests.swift */ = {isa = PBXFileReference; lastKnownFileType = sourcecode.swift; path = JsonReaderTests.swift; sourceTree = "<group>"; };
		D69355382463509D00B90B0F /* MovieResponsable.swift */ = {isa = PBXFileReference; lastKnownFileType = sourcecode.swift; path = MovieResponsable.swift; sourceTree = "<group>"; };
		D693553A246350FA00B90B0F /* MovieResponse.swift */ = {isa = PBXFileReference; lastKnownFileType = sourcecode.swift; path = MovieResponse.swift; sourceTree = "<group>"; };
		D693553E2463548600B90B0F /* movies.json */ = {isa = PBXFileReference; fileEncoding = 4; lastKnownFileType = text.json; path = movies.json; sourceTree = "<group>"; };
		D6935541246356E500B90B0F /* MovieSearchInteractor.swift */ = {isa = PBXFileReference; lastKnownFileType = sourcecode.swift; path = MovieSearchInteractor.swift; sourceTree = "<group>"; };
		D693554424636D7D00B90B0F /* Coordinator.swift */ = {isa = PBXFileReference; lastKnownFileType = sourcecode.swift; path = Coordinator.swift; sourceTree = "<group>"; };
		D693554A2463723C00B90B0F /* LaunchViewController.swift */ = {isa = PBXFileReference; lastKnownFileType = sourcecode.swift; path = LaunchViewController.swift; sourceTree = "<group>"; };
		D693554B2463723C00B90B0F /* LaunchViewController.xib */ = {isa = PBXFileReference; lastKnownFileType = file.xib; path = LaunchViewController.xib; sourceTree = "<group>"; };
		D693554F2463764500B90B0F /* LaunchCoordinator.swift */ = {isa = PBXFileReference; lastKnownFileType = sourcecode.swift; path = LaunchCoordinator.swift; sourceTree = "<group>"; };
		D693555224637A9700B90B0F /* MovieSearchCoordinator.swift */ = {isa = PBXFileReference; lastKnownFileType = sourcecode.swift; path = MovieSearchCoordinator.swift; sourceTree = "<group>"; };
		D6935557246382E000B90B0F /* MovieDetailsViewController.swift */ = {isa = PBXFileReference; lastKnownFileType = sourcecode.swift; path = MovieDetailsViewController.swift; sourceTree = "<group>"; };
		D6935558246382E000B90B0F /* MovieDetailsViewController.xib */ = {isa = PBXFileReference; lastKnownFileType = file.xib; path = MovieDetailsViewController.xib; sourceTree = "<group>"; };
		D693555B246382FB00B90B0F /* MovieDetailsCoordinator.swift */ = {isa = PBXFileReference; lastKnownFileType = sourcecode.swift; path = MovieDetailsCoordinator.swift; sourceTree = "<group>"; };
		D693555E246387D200B90B0F /* MovieSearchPresenter.swift */ = {isa = PBXFileReference; lastKnownFileType = sourcecode.swift; path = MovieSearchPresenter.swift; sourceTree = "<group>"; };
		D693556224639B2900B90B0F /* YearMives.swift */ = {isa = PBXFileReference; lastKnownFileType = sourcecode.swift; path = YearMives.swift; sourceTree = "<group>"; };
		D69355652463A9E600B90B0F /* JsonReader.swift */ = {isa = PBXFileReference; lastKnownFileType = sourcecode.swift; path = JsonReader.swift; sourceTree = "<group>"; };
		D69355672463AC3900B90B0F /* MovieSorter.swift */ = {isa = PBXFileReference; lastKnownFileType = sourcecode.swift; path = MovieSorter.swift; sourceTree = "<group>"; };
		D69355692463AE6900B90B0F /* MovieCatogrizer.swift */ = {isa = PBXFileReference; lastKnownFileType = sourcecode.swift; path = MovieCatogrizer.swift; sourceTree = "<group>"; };
		D693556B2463B3DB00B90B0F /* MovieSearcher.swift */ = {isa = PBXFileReference; lastKnownFileType = sourcecode.swift; path = MovieSearcher.swift; sourceTree = "<group>"; };
		D693556F2463C2FD00B90B0F /* MovieSearchDataSource.swift */ = {isa = PBXFileReference; lastKnownFileType = sourcecode.swift; path = MovieSearchDataSource.swift; sourceTree = "<group>"; };
		D69355782463C58A00B90B0F /* MovieSearchCell.swift */ = {isa = PBXFileReference; lastKnownFileType = sourcecode.swift; path = MovieSearchCell.swift; sourceTree = "<group>"; };
		D69355792463C58A00B90B0F /* MovieSearchCell.xib */ = {isa = PBXFileReference; lastKnownFileType = file.xib; path = MovieSearchCell.xib; sourceTree = "<group>"; };
		D693557C2463CD1F00B90B0F /* AnyOrderDataSource.swift */ = {isa = PBXFileReference; lastKnownFileType = sourcecode.swift; path = AnyOrderDataSource.swift; sourceTree = "<group>"; };
		D693557F2463D8CB00B90B0F /* SF-Pro-Display-Regular.otf */ = {isa = PBXFileReference; lastKnownFileType = file; path = "SF-Pro-Display-Regular.otf"; sourceTree = "<group>"; };
		D69355802463D8CB00B90B0F /* SF-Pro-Display-Bold.otf */ = {isa = PBXFileReference; lastKnownFileType = file; path = "SF-Pro-Display-Bold.otf"; sourceTree = "<group>"; };
		D69355812463D8CB00B90B0F /* SF-Pro-Display-Medium.otf */ = {isa = PBXFileReference; lastKnownFileType = file; path = "SF-Pro-Display-Medium.otf"; sourceTree = "<group>"; };
		D69355822463D8CB00B90B0F /* SF-Pro-Display-Semibold.otf */ = {isa = PBXFileReference; lastKnownFileType = file; path = "SF-Pro-Display-Semibold.otf"; sourceTree = "<group>"; };
		D69355882463D94900B90B0F /* RoundedView.swift */ = {isa = PBXFileReference; lastKnownFileType = sourcecode.swift; path = RoundedView.swift; sourceTree = "<group>"; };
		D693558A2463DC4800B90B0F /* Font+Extension.swift */ = {isa = PBXFileReference; fileEncoding = 4; lastKnownFileType = sourcecode.swift; path = "Font+Extension.swift"; sourceTree = "<group>"; };
		D693558C2463FAB500B90B0F /* stretch.json */ = {isa = PBXFileReference; fileEncoding = 4; lastKnownFileType = text.json; path = stretch.json; sourceTree = "<group>"; };
		D694819D2462FAE000CE18D5 /* Movielix.app */ = {isa = PBXFileReference; explicitFileType = wrapper.application; includeInIndex = 0; path = Movielix.app; sourceTree = BUILT_PRODUCTS_DIR; };
		D69481A02462FAE000CE18D5 /* AppDelegate.swift */ = {isa = PBXFileReference; lastKnownFileType = sourcecode.swift; path = AppDelegate.swift; sourceTree = "<group>"; };
		D69481A92462FAE100CE18D5 /* Assets.xcassets */ = {isa = PBXFileReference; lastKnownFileType = folder.assetcatalog; path = Assets.xcassets; sourceTree = "<group>"; };
		D69481AC2462FAE100CE18D5 /* Base */ = {isa = PBXFileReference; lastKnownFileType = file.storyboard; name = Base; path = Base.lproj/LaunchScreen.storyboard; sourceTree = "<group>"; };
		D69481AE2462FAE100CE18D5 /* Info.plist */ = {isa = PBXFileReference; lastKnownFileType = text.plist.xml; path = Info.plist; sourceTree = "<group>"; };
		D69481B32462FAE100CE18D5 /* MovielixTests.xctest */ = {isa = PBXFileReference; explicitFileType = wrapper.cfbundle; includeInIndex = 0; path = MovielixTests.xctest; sourceTree = BUILT_PRODUCTS_DIR; };
		D69481B72462FAE100CE18D5 /* MovielixTests.swift */ = {isa = PBXFileReference; lastKnownFileType = sourcecode.swift; path = MovielixTests.swift; sourceTree = "<group>"; };
		D69481B92462FAE100CE18D5 /* Info.plist */ = {isa = PBXFileReference; lastKnownFileType = text.plist.xml; path = Info.plist; sourceTree = "<group>"; };
		D69481BE2462FAE100CE18D5 /* MovielixUITests.xctest */ = {isa = PBXFileReference; explicitFileType = wrapper.cfbundle; includeInIndex = 0; path = MovielixUITests.xctest; sourceTree = BUILT_PRODUCTS_DIR; };
		D69481C22462FAE100CE18D5 /* MovielixUITests.swift */ = {isa = PBXFileReference; lastKnownFileType = sourcecode.swift; path = MovielixUITests.swift; sourceTree = "<group>"; };
		D69481C42462FAE200CE18D5 /* Info.plist */ = {isa = PBXFileReference; lastKnownFileType = text.plist.xml; path = Info.plist; sourceTree = "<group>"; };
		D6C849172464A8FC002A220A /* MoyaDetailsTarget.swift */ = {isa = PBXFileReference; lastKnownFileType = sourcecode.swift; path = MoyaDetailsTarget.swift; sourceTree = "<group>"; };
		D6C8491A2464A99C002A220A /* MoyaDetailsConstant.swift */ = {isa = PBXFileReference; lastKnownFileType = sourcecode.swift; path = MoyaDetailsConstant.swift; sourceTree = "<group>"; };
		D6C8491D2464AD02002A220A /* FlickrPhoto.swift */ = {isa = PBXFileReference; lastKnownFileType = sourcecode.swift; path = FlickrPhoto.swift; sourceTree = "<group>"; };
		D6C849202464AE17002A220A /* MovieDetailsInteractor.swift */ = {isa = PBXFileReference; lastKnownFileType = sourcecode.swift; path = MovieDetailsInteractor.swift; sourceTree = "<group>"; };
		D6C849232464AFCA002A220A /* MovieDetailsPresenter.swift */ = {isa = PBXFileReference; lastKnownFileType = sourcecode.swift; path = MovieDetailsPresenter.swift; sourceTree = "<group>"; };
		D6C849262464BEA3002A220A /* MovieDetailsDataSource.swift */ = {isa = PBXFileReference; lastKnownFileType = sourcecode.swift; path = MovieDetailsDataSource.swift; sourceTree = "<group>"; };
		D6C8492B2464C28D002A220A /* FlickrPhotoCell.swift */ = {isa = PBXFileReference; lastKnownFileType = sourcecode.swift; path = FlickrPhotoCell.swift; sourceTree = "<group>"; };
		D6C8492C2464C28D002A220A /* FlickrPhotoCell.xib */ = {isa = PBXFileReference; lastKnownFileType = file.xib; path = FlickrPhotoCell.xib; sourceTree = "<group>"; };
		D6C8492F2464C465002A220A /* UICollectionView+Extension.swift */ = {isa = PBXFileReference; lastKnownFileType = sourcecode.swift; path = "UICollectionView+Extension.swift"; sourceTree = "<group>"; };
		D6C849312464D9B8002A220A /* smiley.json */ = {isa = PBXFileReference; fileEncoding = 4; lastKnownFileType = text.json; path = smiley.json; sourceTree = "<group>"; };
		F9630F13CF3940A9C6195E33 /* Pods_MovielixTests.framework */ = {isa = PBXFileReference; explicitFileType = wrapper.framework; includeInIndex = 0; path = Pods_MovielixTests.framework; sourceTree = BUILT_PRODUCTS_DIR; };
/* End PBXFileReference section */

/* Begin PBXFrameworksBuildPhase section */
		D694819A2462FAE000CE18D5 /* Frameworks */ = {
			isa = PBXFrameworksBuildPhase;
			buildActionMask = 2147483647;
			files = (
				9332251662091178F36C4CC6 /* Pods_Movielix.framework in Frameworks */,
			);
			runOnlyForDeploymentPostprocessing = 0;
		};
		D69481B02462FAE100CE18D5 /* Frameworks */ = {
			isa = PBXFrameworksBuildPhase;
			buildActionMask = 2147483647;
			files = (
				A94A13CBE1FBB51660A6743F /* Pods_MovielixTests.framework in Frameworks */,
			);
			runOnlyForDeploymentPostprocessing = 0;
		};
		D69481BB2462FAE100CE18D5 /* Frameworks */ = {
			isa = PBXFrameworksBuildPhase;
			buildActionMask = 2147483647;
			files = (
				78425EE6D78533A6836CBE79 /* Pods_Movielix_MovielixUITests.framework in Frameworks */,
			);
			runOnlyForDeploymentPostprocessing = 0;
		};
/* End PBXFrameworksBuildPhase section */

/* Begin PBXGroup section */
		A403400B296DDF9A16ACA495 /* Pods */ = {
			isa = PBXGroup;
			children = (
				862CFFB997F1DA302A938AD7 /* Pods-Movielix.debug.xcconfig */,
				29244786D2548B773FC65200 /* Pods-Movielix.release.xcconfig */,
				195F3A218770CDA831EE47B7 /* Pods-Movielix-MovielixUITests.debug.xcconfig */,
				4C12EBC99C271DDECA11CF44 /* Pods-Movielix-MovielixUITests.release.xcconfig */,
				BC2098BDFFAE6FED290C5D4B /* Pods-MovielixTests.debug.xcconfig */,
				87467C7D3B3C7D0399372BBF /* Pods-MovielixTests.release.xcconfig */,
			);
			path = Pods;
			sourceTree = "<group>";
		};
		D693551024631D4D00B90B0F /* Modules */ = {
			isa = PBXGroup;
			children = (
				D693551D2463300100B90B0F /* MovieSearch */,
				D6935554246382A200B90B0F /* MovieDetails */,
				D69355462463704400B90B0F /* Launch */,
			);
			path = Modules;
			sourceTree = "<group>";
		};
		D69355112463243D00B90B0F /* Extensions */ = {
			isa = PBXGroup;
			children = (
				D693558A2463DC4800B90B0F /* Font+Extension.swift */,
				D69355152463299200B90B0F /* UITableViewCell+Extension.swift */,
				D693551724632A1100B90B0F /* UITableView+Extension.swift */,
				D693551924632A5800B90B0F /* UITableViewHeaderFooterView+Extension.swift */,
				D693551B24632C6E00B90B0F /* UIViewController+Extension.swift */,
				D69355232463374D00B90B0F /* NavigationController.swift */,
				D693552524633AC300B90B0F /* UIColor+Extension.swift */,
				D6C8492F2464C465002A220A /* UICollectionView+Extension.swift */,
			);
			path = Extensions;
			sourceTree = "<group>";
		};
		D693551D2463300100B90B0F /* MovieSearch */ = {
			isa = PBXGroup;
			children = (
				D693556D2463C2DF00B90B0F /* Datasource */,
				D69355642463A9D600B90B0F /* Worker */,
				D693555D246387B700B90B0F /* Presenter */,
				D69355512463794800B90B0F /* Coordinator */,
				D6935540246356C600B90B0F /* Interactor */,
				D693553024634E8000B90B0F /* Entity */,
				D693551E2463302A00B90B0F /* View */,
			);
			path = MovieSearch;
			sourceTree = "<group>";
		};
		D693551E2463302A00B90B0F /* View */ = {
			isa = PBXGroup;
			children = (
				D69355712463C4BA00B90B0F /* Cell */,
				D693551F2463304800B90B0F /* MovieSearchViewController.swift */,
				D69355202463304800B90B0F /* MovieSearchViewController.xib */,
			);
			path = View;
			sourceTree = "<group>";
		};
		D693552A24634CB300B90B0F /* Generic */ = {
			isa = PBXGroup;
			children = (
				D693554324636D5B00B90B0F /* Coordinator */,
				D693553C2463526E00B90B0F /* Reusable */,
				D693552D24634CDC00B90B0F /* Response */,
			);
			path = Generic;
			sourceTree = "<group>";
		};
		D693552D24634CDC00B90B0F /* Response */ = {
			isa = PBXGroup;
			children = (
				D693552B24634CC200B90B0F /* Result.swift */,
				D693552E24634D0200B90B0F /* Responsable.swift */,
			);
			path = Response;
			sourceTree = "<group>";
		};
		D693553024634E8000B90B0F /* Entity */ = {
			isa = PBXGroup;
			children = (
				D693553124634EA300B90B0F /* Movie.swift */,
				D69355382463509D00B90B0F /* MovieResponsable.swift */,
				D693553A246350FA00B90B0F /* MovieResponse.swift */,
				D693556224639B2900B90B0F /* YearMives.swift */,
			);
			path = Entity;
			sourceTree = "<group>";
		};
		D693553324634F9200B90B0F /* ModulesTests */ = {
			isa = PBXGroup;
			children = (
				D693553424634FA400B90B0F /* MovieSearchTests */,
			);
			path = ModulesTests;
			sourceTree = "<group>";
		};
		D693553424634FA400B90B0F /* MovieSearchTests */ = {
			isa = PBXGroup;
			children = (
				D693553624634FEF00B90B0F /* JsonReaderTests.swift */,
			);
			path = MovieSearchTests;
			sourceTree = "<group>";
		};
		D693553C2463526E00B90B0F /* Reusable */ = {
			isa = PBXGroup;
			children = (
				D69355122463291500B90B0F /* ReusableView.swift */,
			);
			path = Reusable;
			sourceTree = "<group>";
		};
		D693553D2463547100B90B0F /* Resources */ = {
			isa = PBXGroup;
			children = (
				D693557E2463D8CB00B90B0F /* Font */,
				D693553E2463548600B90B0F /* movies.json */,
			);
			path = Resources;
			sourceTree = "<group>";
		};
		D6935540246356C600B90B0F /* Interactor */ = {
			isa = PBXGroup;
			children = (
				D6935541246356E500B90B0F /* MovieSearchInteractor.swift */,
			);
			path = Interactor;
			sourceTree = "<group>";
		};
		D693554324636D5B00B90B0F /* Coordinator */ = {
			isa = PBXGroup;
			children = (
				D693554424636D7D00B90B0F /* Coordinator.swift */,
			);
			path = Coordinator;
			sourceTree = "<group>";
		};
		D69355462463704400B90B0F /* Launch */ = {
			isa = PBXGroup;
			children = (
				D693554E2463762500B90B0F /* Coordinator */,
				D69355472463705000B90B0F /* View */,
			);
			path = Launch;
			sourceTree = "<group>";
		};
		D69355472463705000B90B0F /* View */ = {
			isa = PBXGroup;
			children = (
				D693554A2463723C00B90B0F /* LaunchViewController.swift */,
				D693554B2463723C00B90B0F /* LaunchViewController.xib */,
			);
			path = View;
			sourceTree = "<group>";
		};
		D693554E2463762500B90B0F /* Coordinator */ = {
			isa = PBXGroup;
			children = (
				D693554F2463764500B90B0F /* LaunchCoordinator.swift */,
			);
			path = Coordinator;
			sourceTree = "<group>";
		};
		D69355512463794800B90B0F /* Coordinator */ = {
			isa = PBXGroup;
			children = (
				D693555224637A9700B90B0F /* MovieSearchCoordinator.swift */,
			);
			path = Coordinator;
			sourceTree = "<group>";
		};
		D6935554246382A200B90B0F /* MovieDetails */ = {
			isa = PBXGroup;
			children = (
				D6C849252464BE90002A220A /* Datasource */,
				D6C849222464AFB3002A220A /* Presenter */,
				D6C8491F2464AE04002A220A /* Interactor */,
				D6C8491C2464ACAF002A220A /* Entity */,
				D6C849192464A985002A220A /* Constant */,
				D693558E2464A89600B90B0F /* TargetType */,
				D6935556246382C300B90B0F /* Coordinator */,
				D6935555246382BF00B90B0F /* View */,
			);
			path = MovieDetails;
			sourceTree = "<group>";
		};
		D6935555246382BF00B90B0F /* View */ = {
			isa = PBXGroup;
			children = (
				D6C849282464C245002A220A /* Cell */,
				D6935557246382E000B90B0F /* MovieDetailsViewController.swift */,
				D6935558246382E000B90B0F /* MovieDetailsViewController.xib */,
			);
			path = View;
			sourceTree = "<group>";
		};
		D6935556246382C300B90B0F /* Coordinator */ = {
			isa = PBXGroup;
			children = (
				D693555B246382FB00B90B0F /* MovieDetailsCoordinator.swift */,
			);
			path = Coordinator;
			sourceTree = "<group>";
		};
		D693555D246387B700B90B0F /* Presenter */ = {
			isa = PBXGroup;
			children = (
				D693555E246387D200B90B0F /* MovieSearchPresenter.swift */,
			);
			path = Presenter;
			sourceTree = "<group>";
		};
		D69355642463A9D600B90B0F /* Worker */ = {
			isa = PBXGroup;
			children = (
				D69355652463A9E600B90B0F /* JsonReader.swift */,
				D69355672463AC3900B90B0F /* MovieSorter.swift */,
				D69355692463AE6900B90B0F /* MovieCatogrizer.swift */,
				D693556B2463B3DB00B90B0F /* MovieSearcher.swift */,
			);
			path = Worker;
			sourceTree = "<group>";
		};
		D693556D2463C2DF00B90B0F /* Datasource */ = {
			isa = PBXGroup;
			children = (
				D693556F2463C2FD00B90B0F /* MovieSearchDataSource.swift */,
				D693557C2463CD1F00B90B0F /* AnyOrderDataSource.swift */,
			);
			path = Datasource;
			sourceTree = "<group>";
		};
		D69355712463C4BA00B90B0F /* Cell */ = {
			isa = PBXGroup;
			children = (
				D69355782463C58A00B90B0F /* MovieSearchCell.swift */,
				D69355792463C58A00B90B0F /* MovieSearchCell.xib */,
			);
			path = Cell;
			sourceTree = "<group>";
		};
		D693557E2463D8CB00B90B0F /* Font */ = {
			isa = PBXGroup;
			children = (
				D693557F2463D8CB00B90B0F /* SF-Pro-Display-Regular.otf */,
				D69355802463D8CB00B90B0F /* SF-Pro-Display-Bold.otf */,
				D69355812463D8CB00B90B0F /* SF-Pro-Display-Medium.otf */,
				D69355822463D8CB00B90B0F /* SF-Pro-Display-Semibold.otf */,
			);
			path = Font;
			sourceTree = "<group>";
		};
		D69355872463D93300B90B0F /* Helpers */ = {
			isa = PBXGroup;
			children = (
				D69355882463D94900B90B0F /* RoundedView.swift */,
			);
			path = Helpers;
			sourceTree = "<group>";
		};
		D693558E2464A89600B90B0F /* TargetType */ = {
			isa = PBXGroup;
			children = (
				D6C849172464A8FC002A220A /* MoyaDetailsTarget.swift */,
			);
			path = TargetType;
			sourceTree = "<group>";
		};
		D69481942462FAE000CE18D5 = {
			isa = PBXGroup;
			children = (
				D694819F2462FAE000CE18D5 /* Movielix */,
				D69481B62462FAE100CE18D5 /* MovielixTests */,
				D69481C12462FAE100CE18D5 /* MovielixUITests */,
				D694819E2462FAE000CE18D5 /* Products */,
				A403400B296DDF9A16ACA495 /* Pods */,
				E668B9DD56A9FD8CFEC8F427 /* Frameworks */,
			);
			sourceTree = "<group>";
		};
		D694819E2462FAE000CE18D5 /* Products */ = {
			isa = PBXGroup;
			children = (
				D694819D2462FAE000CE18D5 /* Movielix.app */,
				D69481B32462FAE100CE18D5 /* MovielixTests.xctest */,
				D69481BE2462FAE100CE18D5 /* MovielixUITests.xctest */,
			);
			name = Products;
			sourceTree = "<group>";
		};
		D694819F2462FAE000CE18D5 /* Movielix */ = {
			isa = PBXGroup;
			children = (
				D69355872463D93300B90B0F /* Helpers */,
				D693553D2463547100B90B0F /* Resources */,
				D69355112463243D00B90B0F /* Extensions */,
				D693552A24634CB300B90B0F /* Generic */,
				D693551024631D4D00B90B0F /* Modules */,
				D69481A02462FAE000CE18D5 /* AppDelegate.swift */,
				D69481A92462FAE100CE18D5 /* Assets.xcassets */,
				D69481AB2462FAE100CE18D5 /* LaunchScreen.storyboard */,
				D6C849312464D9B8002A220A /* smiley.json */,
				D693558C2463FAB500B90B0F /* stretch.json */,
				D693550E2463180D00B90B0F /* stay-home-stay-safe.json */,
				D69481AE2462FAE100CE18D5 /* Info.plist */,
			);
			path = Movielix;
			sourceTree = "<group>";
		};
		D69481B62462FAE100CE18D5 /* MovielixTests */ = {
			isa = PBXGroup;
			children = (
				D693553324634F9200B90B0F /* ModulesTests */,
				D69481B72462FAE100CE18D5 /* MovielixTests.swift */,
				D69481B92462FAE100CE18D5 /* Info.plist */,
			);
			path = MovielixTests;
			sourceTree = "<group>";
		};
		D69481C12462FAE100CE18D5 /* MovielixUITests */ = {
			isa = PBXGroup;
			children = (
				D69481C22462FAE100CE18D5 /* MovielixUITests.swift */,
				D69481C42462FAE200CE18D5 /* Info.plist */,
			);
			path = MovielixUITests;
			sourceTree = "<group>";
		};
		D6C849192464A985002A220A /* Constant */ = {
			isa = PBXGroup;
			children = (
				D6C8491A2464A99C002A220A /* MoyaDetailsConstant.swift */,
			);
			path = Constant;
			sourceTree = "<group>";
		};
		D6C8491C2464ACAF002A220A /* Entity */ = {
			isa = PBXGroup;
			children = (
				D6C8491D2464AD02002A220A /* FlickrPhoto.swift */,
			);
			path = Entity;
			sourceTree = "<group>";
		};
		D6C8491F2464AE04002A220A /* Interactor */ = {
			isa = PBXGroup;
			children = (
				D6C849202464AE17002A220A /* MovieDetailsInteractor.swift */,
			);
			path = Interactor;
			sourceTree = "<group>";
		};
		D6C849222464AFB3002A220A /* Presenter */ = {
			isa = PBXGroup;
			children = (
				D6C849232464AFCA002A220A /* MovieDetailsPresenter.swift */,
			);
			path = Presenter;
			sourceTree = "<group>";
		};
		D6C849252464BE90002A220A /* Datasource */ = {
			isa = PBXGroup;
			children = (
				D6C849262464BEA3002A220A /* MovieDetailsDataSource.swift */,
			);
			path = Datasource;
			sourceTree = "<group>";
		};
		D6C849282464C245002A220A /* Cell */ = {
			isa = PBXGroup;
			children = (
				D6C8492B2464C28D002A220A /* FlickrPhotoCell.swift */,
				D6C8492C2464C28D002A220A /* FlickrPhotoCell.xib */,
			);
			path = Cell;
			sourceTree = "<group>";
		};
		E668B9DD56A9FD8CFEC8F427 /* Frameworks */ = {
			isa = PBXGroup;
			children = (
				5843E2EFA73F9DDAA4B565C2 /* Pods_Movielix.framework */,
				2B265D64B8777D4FA07C8273 /* Pods_Movielix_MovielixUITests.framework */,
				F9630F13CF3940A9C6195E33 /* Pods_MovielixTests.framework */,
			);
			name = Frameworks;
			sourceTree = "<group>";
		};
/* End PBXGroup section */

/* Begin PBXNativeTarget section */
		D694819C2462FAE000CE18D5 /* Movielix */ = {
			isa = PBXNativeTarget;
			buildConfigurationList = D69481C72462FAE200CE18D5 /* Build configuration list for PBXNativeTarget "Movielix" */;
			buildPhases = (
				00592CADE8E37B7DCFE88084 /* [CP] Check Pods Manifest.lock */,
				D69481992462FAE000CE18D5 /* Sources */,
				D694819A2462FAE000CE18D5 /* Frameworks */,
				D694819B2462FAE000CE18D5 /* Resources */,
				A7DD5B04CD4D0D1710F3A5C0 /* [CP] Embed Pods Frameworks */,
			);
			buildRules = (
			);
			dependencies = (
			);
			name = Movielix;
			productName = Movielix;
			productReference = D694819D2462FAE000CE18D5 /* Movielix.app */;
			productType = "com.apple.product-type.application";
		};
		D69481B22462FAE100CE18D5 /* MovielixTests */ = {
			isa = PBXNativeTarget;
			buildConfigurationList = D69481CA2462FAE200CE18D5 /* Build configuration list for PBXNativeTarget "MovielixTests" */;
			buildPhases = (
				16E4F77344DCBC2863D76758 /* [CP] Check Pods Manifest.lock */,
				D69481AF2462FAE100CE18D5 /* Sources */,
				D69481B02462FAE100CE18D5 /* Frameworks */,
				D69481B12462FAE100CE18D5 /* Resources */,
			);
			buildRules = (
			);
			dependencies = (
				D69481B52462FAE100CE18D5 /* PBXTargetDependency */,
			);
			name = MovielixTests;
			productName = MovielixTests;
			productReference = D69481B32462FAE100CE18D5 /* MovielixTests.xctest */;
			productType = "com.apple.product-type.bundle.unit-test";
		};
		D69481BD2462FAE100CE18D5 /* MovielixUITests */ = {
			isa = PBXNativeTarget;
			buildConfigurationList = D69481CD2462FAE200CE18D5 /* Build configuration list for PBXNativeTarget "MovielixUITests" */;
			buildPhases = (
				28C945814570E394B107DF79 /* [CP] Check Pods Manifest.lock */,
				D69481BA2462FAE100CE18D5 /* Sources */,
				D69481BB2462FAE100CE18D5 /* Frameworks */,
				D69481BC2462FAE100CE18D5 /* Resources */,
				E85C043C8D7B867F8A6071FC /* [CP] Embed Pods Frameworks */,
			);
			buildRules = (
			);
			dependencies = (
				D69481C02462FAE100CE18D5 /* PBXTargetDependency */,
			);
			name = MovielixUITests;
			productName = MovielixUITests;
			productReference = D69481BE2462FAE100CE18D5 /* MovielixUITests.xctest */;
			productType = "com.apple.product-type.bundle.ui-testing";
		};
/* End PBXNativeTarget section */

/* Begin PBXProject section */
		D69481952462FAE000CE18D5 /* Project object */ = {
			isa = PBXProject;
			attributes = {
				LastSwiftUpdateCheck = 1110;
				LastUpgradeCheck = 1110;
				ORGANIZATIONNAME = Swvl;
				TargetAttributes = {
					D694819C2462FAE000CE18D5 = {
						CreatedOnToolsVersion = 11.1;
					};
					D69481B22462FAE100CE18D5 = {
						CreatedOnToolsVersion = 11.1;
						TestTargetID = D694819C2462FAE000CE18D5;
					};
					D69481BD2462FAE100CE18D5 = {
						CreatedOnToolsVersion = 11.1;
						TestTargetID = D694819C2462FAE000CE18D5;
					};
				};
			};
			buildConfigurationList = D69481982462FAE000CE18D5 /* Build configuration list for PBXProject "Movielix" */;
			compatibilityVersion = "Xcode 9.3";
			developmentRegion = en;
			hasScannedForEncodings = 0;
			knownRegions = (
				en,
				Base,
			);
			mainGroup = D69481942462FAE000CE18D5;
			productRefGroup = D694819E2462FAE000CE18D5 /* Products */;
			projectDirPath = "";
			projectRoot = "";
			targets = (
				D694819C2462FAE000CE18D5 /* Movielix */,
				D69481B22462FAE100CE18D5 /* MovielixTests */,
				D69481BD2462FAE100CE18D5 /* MovielixUITests */,
			);
		};
/* End PBXProject section */

/* Begin PBXResourcesBuildPhase section */
		D694819B2462FAE000CE18D5 /* Resources */ = {
			isa = PBXResourcesBuildPhase;
			buildActionMask = 2147483647;
			files = (
				D69355862463D8CB00B90B0F /* SF-Pro-Display-Semibold.otf in Resources */,
				D693553F2463548600B90B0F /* movies.json in Resources */,
				D6C849322464D9B8002A220A /* smiley.json in Resources */,
				D69481AD2462FAE100CE18D5 /* LaunchScreen.storyboard in Resources */,
				D693558D2463FAB500B90B0F /* stretch.json in Resources */,
				D693557B2463C58A00B90B0F /* MovieSearchCell.xib in Resources */,
				D69481AA2462FAE100CE18D5 /* Assets.xcassets in Resources */,
				D693554D2463723C00B90B0F /* LaunchViewController.xib in Resources */,
				D693555A246382E000B90B0F /* MovieDetailsViewController.xib in Resources */,
				D69355852463D8CB00B90B0F /* SF-Pro-Display-Medium.otf in Resources */,
				D69355842463D8CB00B90B0F /* SF-Pro-Display-Bold.otf in Resources */,
				D693550F2463180D00B90B0F /* stay-home-stay-safe.json in Resources */,
				D69355832463D8CB00B90B0F /* SF-Pro-Display-Regular.otf in Resources */,
				D69355222463304800B90B0F /* MovieSearchViewController.xib in Resources */,
				D6C8492E2464C28D002A220A /* FlickrPhotoCell.xib in Resources */,
			);
			runOnlyForDeploymentPostprocessing = 0;
		};
		D69481B12462FAE100CE18D5 /* Resources */ = {
			isa = PBXResourcesBuildPhase;
			buildActionMask = 2147483647;
			files = (
			);
			runOnlyForDeploymentPostprocessing = 0;
		};
		D69481BC2462FAE100CE18D5 /* Resources */ = {
			isa = PBXResourcesBuildPhase;
			buildActionMask = 2147483647;
			files = (
			);
			runOnlyForDeploymentPostprocessing = 0;
		};
/* End PBXResourcesBuildPhase section */

/* Begin PBXShellScriptBuildPhase section */
		00592CADE8E37B7DCFE88084 /* [CP] Check Pods Manifest.lock */ = {
			isa = PBXShellScriptBuildPhase;
			buildActionMask = 2147483647;
			files = (
			);
			inputFileListPaths = (
			);
			inputPaths = (
				"${PODS_PODFILE_DIR_PATH}/Podfile.lock",
				"${PODS_ROOT}/Manifest.lock",
			);
			name = "[CP] Check Pods Manifest.lock";
			outputFileListPaths = (
			);
			outputPaths = (
				"$(DERIVED_FILE_DIR)/Pods-Movielix-checkManifestLockResult.txt",
			);
			runOnlyForDeploymentPostprocessing = 0;
			shellPath = /bin/sh;
			shellScript = "diff \"${PODS_PODFILE_DIR_PATH}/Podfile.lock\" \"${PODS_ROOT}/Manifest.lock\" > /dev/null\nif [ $? != 0 ] ; then\n    # print error to STDERR\n    echo \"error: The sandbox is not in sync with the Podfile.lock. Run 'pod install' or update your CocoaPods installation.\" >&2\n    exit 1\nfi\n# This output is used by Xcode 'outputs' to avoid re-running this script phase.\necho \"SUCCESS\" > \"${SCRIPT_OUTPUT_FILE_0}\"\n";
			showEnvVarsInLog = 0;
		};
		16E4F77344DCBC2863D76758 /* [CP] Check Pods Manifest.lock */ = {
			isa = PBXShellScriptBuildPhase;
			buildActionMask = 2147483647;
			files = (
			);
			inputFileListPaths = (
			);
			inputPaths = (
				"${PODS_PODFILE_DIR_PATH}/Podfile.lock",
				"${PODS_ROOT}/Manifest.lock",
			);
			name = "[CP] Check Pods Manifest.lock";
			outputFileListPaths = (
			);
			outputPaths = (
				"$(DERIVED_FILE_DIR)/Pods-MovielixTests-checkManifestLockResult.txt",
			);
			runOnlyForDeploymentPostprocessing = 0;
			shellPath = /bin/sh;
			shellScript = "diff \"${PODS_PODFILE_DIR_PATH}/Podfile.lock\" \"${PODS_ROOT}/Manifest.lock\" > /dev/null\nif [ $? != 0 ] ; then\n    # print error to STDERR\n    echo \"error: The sandbox is not in sync with the Podfile.lock. Run 'pod install' or update your CocoaPods installation.\" >&2\n    exit 1\nfi\n# This output is used by Xcode 'outputs' to avoid re-running this script phase.\necho \"SUCCESS\" > \"${SCRIPT_OUTPUT_FILE_0}\"\n";
			showEnvVarsInLog = 0;
		};
		28C945814570E394B107DF79 /* [CP] Check Pods Manifest.lock */ = {
			isa = PBXShellScriptBuildPhase;
			buildActionMask = 2147483647;
			files = (
			);
			inputFileListPaths = (
			);
			inputPaths = (
				"${PODS_PODFILE_DIR_PATH}/Podfile.lock",
				"${PODS_ROOT}/Manifest.lock",
			);
			name = "[CP] Check Pods Manifest.lock";
			outputFileListPaths = (
			);
			outputPaths = (
				"$(DERIVED_FILE_DIR)/Pods-Movielix-MovielixUITests-checkManifestLockResult.txt",
			);
			runOnlyForDeploymentPostprocessing = 0;
			shellPath = /bin/sh;
			shellScript = "diff \"${PODS_PODFILE_DIR_PATH}/Podfile.lock\" \"${PODS_ROOT}/Manifest.lock\" > /dev/null\nif [ $? != 0 ] ; then\n    # print error to STDERR\n    echo \"error: The sandbox is not in sync with the Podfile.lock. Run 'pod install' or update your CocoaPods installation.\" >&2\n    exit 1\nfi\n# This output is used by Xcode 'outputs' to avoid re-running this script phase.\necho \"SUCCESS\" > \"${SCRIPT_OUTPUT_FILE_0}\"\n";
			showEnvVarsInLog = 0;
		};
		A7DD5B04CD4D0D1710F3A5C0 /* [CP] Embed Pods Frameworks */ = {
			isa = PBXShellScriptBuildPhase;
			buildActionMask = 2147483647;
			files = (
			);
			inputFileListPaths = (
				"${PODS_ROOT}/Target Support Files/Pods-Movielix/Pods-Movielix-frameworks-${CONFIGURATION}-input-files.xcfilelist",
			);
			name = "[CP] Embed Pods Frameworks";
			outputFileListPaths = (
				"${PODS_ROOT}/Target Support Files/Pods-Movielix/Pods-Movielix-frameworks-${CONFIGURATION}-output-files.xcfilelist",
			);
			runOnlyForDeploymentPostprocessing = 0;
			shellPath = /bin/sh;
			shellScript = "\"${PODS_ROOT}/Target Support Files/Pods-Movielix/Pods-Movielix-frameworks.sh\"\n";
			showEnvVarsInLog = 0;
		};
		E85C043C8D7B867F8A6071FC /* [CP] Embed Pods Frameworks */ = {
			isa = PBXShellScriptBuildPhase;
			buildActionMask = 2147483647;
			files = (
			);
			inputFileListPaths = (
				"${PODS_ROOT}/Target Support Files/Pods-Movielix-MovielixUITests/Pods-Movielix-MovielixUITests-frameworks-${CONFIGURATION}-input-files.xcfilelist",
			);
			name = "[CP] Embed Pods Frameworks";
			outputFileListPaths = (
				"${PODS_ROOT}/Target Support Files/Pods-Movielix-MovielixUITests/Pods-Movielix-MovielixUITests-frameworks-${CONFIGURATION}-output-files.xcfilelist",
			);
			runOnlyForDeploymentPostprocessing = 0;
			shellPath = /bin/sh;
			shellScript = "\"${PODS_ROOT}/Target Support Files/Pods-Movielix-MovielixUITests/Pods-Movielix-MovielixUITests-frameworks.sh\"\n";
			showEnvVarsInLog = 0;
		};
/* End PBXShellScriptBuildPhase section */

/* Begin PBXSourcesBuildPhase section */
		D69481992462FAE000CE18D5 /* Sources */ = {
			isa = PBXSourcesBuildPhase;
			buildActionMask = 2147483647;
			files = (
				D693555C246382FB00B90B0F /* MovieDetailsCoordinator.swift in Sources */,
				D6935559246382E000B90B0F /* MovieDetailsViewController.swift in Sources */,
				D6C8491B2464A99C002A220A /* MoyaDetailsConstant.swift in Sources */,
				D69355502463764500B90B0F /* LaunchCoordinator.swift in Sources */,
				D693556A2463AE6900B90B0F /* MovieCatogrizer.swift in Sources */,
				D693555324637A9700B90B0F /* MovieSearchCoordinator.swift in Sources */,
				D69355132463291500B90B0F /* ReusableView.swift in Sources */,
				D693557D2463CD1F00B90B0F /* AnyOrderDataSource.swift in Sources */,
				D69355162463299200B90B0F /* UITableViewCell+Extension.swift in Sources */,
				D693557A2463C58A00B90B0F /* MovieSearchCell.swift in Sources */,
				D69355682463AC3900B90B0F /* MovieSorter.swift in Sources */,
				D693556C2463B3DB00B90B0F /* MovieSearcher.swift in Sources */,
				D693552F24634D0200B90B0F /* Responsable.swift in Sources */,
				D693551824632A1100B90B0F /* UITableView+Extension.swift in Sources */,
				D69355242463374D00B90B0F /* NavigationController.swift in Sources */,
				D693558B2463DC4800B90B0F /* Font+Extension.swift in Sources */,
				D6C849302464C465002A220A /* UICollectionView+Extension.swift in Sources */,
				D693553B246350FA00B90B0F /* MovieResponse.swift in Sources */,
				D6C849242464AFCA002A220A /* MovieDetailsPresenter.swift in Sources */,
				D6935542246356E500B90B0F /* MovieSearchInteractor.swift in Sources */,
				D6C8491E2464AD02002A220A /* FlickrPhoto.swift in Sources */,
				D6C8492D2464C28D002A220A /* FlickrPhotoCell.swift in Sources */,
				D6C849182464A8FC002A220A /* MoyaDetailsTarget.swift in Sources */,
				D693551C24632C6E00B90B0F /* UIViewController+Extension.swift in Sources */,
				D6C849272464BEA3002A220A /* MovieDetailsDataSource.swift in Sources */,
				D69355702463C2FD00B90B0F /* MovieSearchDataSource.swift in Sources */,
				D693551A24632A5800B90B0F /* UITableViewHeaderFooterView+Extension.swift in Sources */,
				D693554524636D7D00B90B0F /* Coordinator.swift in Sources */,
				D6C849212464AE17002A220A /* MovieDetailsInteractor.swift in Sources */,
				D693553224634EA300B90B0F /* Movie.swift in Sources */,
				D693556324639B2900B90B0F /* YearMives.swift in Sources */,
				D69355892463D94900B90B0F /* RoundedView.swift in Sources */,
				D69355662463A9E600B90B0F /* JsonReader.swift in Sources */,
				D693554C2463723C00B90B0F /* LaunchViewController.swift in Sources */,
				D69355392463509D00B90B0F /* MovieResponsable.swift in Sources */,
				D69481A12462FAE000CE18D5 /* AppDelegate.swift in Sources */,
				D69355212463304800B90B0F /* MovieSearchViewController.swift in Sources */,
				D693555F246387D200B90B0F /* MovieSearchPresenter.swift in Sources */,
				D693552624633AC300B90B0F /* UIColor+Extension.swift in Sources */,
				D693552C24634CC200B90B0F /* Result.swift in Sources */,
			);
			runOnlyForDeploymentPostprocessing = 0;
		};
		D69481AF2462FAE100CE18D5 /* Sources */ = {
			isa = PBXSourcesBuildPhase;
			buildActionMask = 2147483647;
			files = (
				D69481B82462FAE100CE18D5 /* MovielixTests.swift in Sources */,
				D693553724634FEF00B90B0F /* JsonReaderTests.swift in Sources */,
			);
			runOnlyForDeploymentPostprocessing = 0;
		};
		D69481BA2462FAE100CE18D5 /* Sources */ = {
			isa = PBXSourcesBuildPhase;
			buildActionMask = 2147483647;
			files = (
				D69481C32462FAE100CE18D5 /* MovielixUITests.swift in Sources */,
			);
			runOnlyForDeploymentPostprocessing = 0;
		};
/* End PBXSourcesBuildPhase section */

/* Begin PBXTargetDependency section */
		D69481B52462FAE100CE18D5 /* PBXTargetDependency */ = {
			isa = PBXTargetDependency;
			target = D694819C2462FAE000CE18D5 /* Movielix */;
			targetProxy = D69481B42462FAE100CE18D5 /* PBXContainerItemProxy */;
		};
		D69481C02462FAE100CE18D5 /* PBXTargetDependency */ = {
			isa = PBXTargetDependency;
			target = D694819C2462FAE000CE18D5 /* Movielix */;
			targetProxy = D69481BF2462FAE100CE18D5 /* PBXContainerItemProxy */;
		};
/* End PBXTargetDependency section */

/* Begin PBXVariantGroup section */
		D69481AB2462FAE100CE18D5 /* LaunchScreen.storyboard */ = {
			isa = PBXVariantGroup;
			children = (
				D69481AC2462FAE100CE18D5 /* Base */,
			);
			name = LaunchScreen.storyboard;
			sourceTree = "<group>";
		};
/* End PBXVariantGroup section */

/* Begin XCBuildConfiguration section */
		D69481C52462FAE200CE18D5 /* Debug */ = {
			isa = XCBuildConfiguration;
			buildSettings = {
				ALWAYS_SEARCH_USER_PATHS = NO;
				CLANG_ANALYZER_NONNULL = YES;
				CLANG_ANALYZER_NUMBER_OBJECT_CONVERSION = YES_AGGRESSIVE;
				CLANG_CXX_LANGUAGE_STANDARD = "gnu++14";
				CLANG_CXX_LIBRARY = "libc++";
				CLANG_ENABLE_MODULES = YES;
				CLANG_ENABLE_OBJC_ARC = YES;
				CLANG_ENABLE_OBJC_WEAK = YES;
				CLANG_WARN_BLOCK_CAPTURE_AUTORELEASING = YES;
				CLANG_WARN_BOOL_CONVERSION = YES;
				CLANG_WARN_COMMA = YES;
				CLANG_WARN_CONSTANT_CONVERSION = YES;
				CLANG_WARN_DEPRECATED_OBJC_IMPLEMENTATIONS = YES;
				CLANG_WARN_DIRECT_OBJC_ISA_USAGE = YES_ERROR;
				CLANG_WARN_DOCUMENTATION_COMMENTS = YES;
				CLANG_WARN_EMPTY_BODY = YES;
				CLANG_WARN_ENUM_CONVERSION = YES;
				CLANG_WARN_INFINITE_RECURSION = YES;
				CLANG_WARN_INT_CONVERSION = YES;
				CLANG_WARN_NON_LITERAL_NULL_CONVERSION = YES;
				CLANG_WARN_OBJC_IMPLICIT_RETAIN_SELF = YES;
				CLANG_WARN_OBJC_LITERAL_CONVERSION = YES;
				CLANG_WARN_OBJC_ROOT_CLASS = YES_ERROR;
				CLANG_WARN_RANGE_LOOP_ANALYSIS = YES;
				CLANG_WARN_STRICT_PROTOTYPES = YES;
				CLANG_WARN_SUSPICIOUS_MOVE = YES;
				CLANG_WARN_UNGUARDED_AVAILABILITY = YES_AGGRESSIVE;
				CLANG_WARN_UNREACHABLE_CODE = YES;
				CLANG_WARN__DUPLICATE_METHOD_MATCH = YES;
				COPY_PHASE_STRIP = NO;
				DEBUG_INFORMATION_FORMAT = dwarf;
				ENABLE_STRICT_OBJC_MSGSEND = YES;
				ENABLE_TESTABILITY = YES;
				GCC_C_LANGUAGE_STANDARD = gnu11;
				GCC_DYNAMIC_NO_PIC = NO;
				GCC_NO_COMMON_BLOCKS = YES;
				GCC_OPTIMIZATION_LEVEL = 0;
				GCC_PREPROCESSOR_DEFINITIONS = (
					"DEBUG=1",
					"$(inherited)",
				);
				GCC_WARN_64_TO_32_BIT_CONVERSION = YES;
				GCC_WARN_ABOUT_RETURN_TYPE = YES_ERROR;
				GCC_WARN_UNDECLARED_SELECTOR = YES;
				GCC_WARN_UNINITIALIZED_AUTOS = YES_AGGRESSIVE;
				GCC_WARN_UNUSED_FUNCTION = YES;
				GCC_WARN_UNUSED_VARIABLE = YES;
				IPHONEOS_DEPLOYMENT_TARGET = 13.1;
				MTL_ENABLE_DEBUG_INFO = INCLUDE_SOURCE;
				MTL_FAST_MATH = YES;
				ONLY_ACTIVE_ARCH = YES;
				SDKROOT = iphoneos;
				SWIFT_ACTIVE_COMPILATION_CONDITIONS = DEBUG;
				SWIFT_OPTIMIZATION_LEVEL = "-Onone";
			};
			name = Debug;
		};
		D69481C62462FAE200CE18D5 /* Release */ = {
			isa = XCBuildConfiguration;
			buildSettings = {
				ALWAYS_SEARCH_USER_PATHS = NO;
				CLANG_ANALYZER_NONNULL = YES;
				CLANG_ANALYZER_NUMBER_OBJECT_CONVERSION = YES_AGGRESSIVE;
				CLANG_CXX_LANGUAGE_STANDARD = "gnu++14";
				CLANG_CXX_LIBRARY = "libc++";
				CLANG_ENABLE_MODULES = YES;
				CLANG_ENABLE_OBJC_ARC = YES;
				CLANG_ENABLE_OBJC_WEAK = YES;
				CLANG_WARN_BLOCK_CAPTURE_AUTORELEASING = YES;
				CLANG_WARN_BOOL_CONVERSION = YES;
				CLANG_WARN_COMMA = YES;
				CLANG_WARN_CONSTANT_CONVERSION = YES;
				CLANG_WARN_DEPRECATED_OBJC_IMPLEMENTATIONS = YES;
				CLANG_WARN_DIRECT_OBJC_ISA_USAGE = YES_ERROR;
				CLANG_WARN_DOCUMENTATION_COMMENTS = YES;
				CLANG_WARN_EMPTY_BODY = YES;
				CLANG_WARN_ENUM_CONVERSION = YES;
				CLANG_WARN_INFINITE_RECURSION = YES;
				CLANG_WARN_INT_CONVERSION = YES;
				CLANG_WARN_NON_LITERAL_NULL_CONVERSION = YES;
				CLANG_WARN_OBJC_IMPLICIT_RETAIN_SELF = YES;
				CLANG_WARN_OBJC_LITERAL_CONVERSION = YES;
				CLANG_WARN_OBJC_ROOT_CLASS = YES_ERROR;
				CLANG_WARN_RANGE_LOOP_ANALYSIS = YES;
				CLANG_WARN_STRICT_PROTOTYPES = YES;
				CLANG_WARN_SUSPICIOUS_MOVE = YES;
				CLANG_WARN_UNGUARDED_AVAILABILITY = YES_AGGRESSIVE;
				CLANG_WARN_UNREACHABLE_CODE = YES;
				CLANG_WARN__DUPLICATE_METHOD_MATCH = YES;
				COPY_PHASE_STRIP = NO;
				DEBUG_INFORMATION_FORMAT = "dwarf-with-dsym";
				ENABLE_NS_ASSERTIONS = NO;
				ENABLE_STRICT_OBJC_MSGSEND = YES;
				GCC_C_LANGUAGE_STANDARD = gnu11;
				GCC_NO_COMMON_BLOCKS = YES;
				GCC_WARN_64_TO_32_BIT_CONVERSION = YES;
				GCC_WARN_ABOUT_RETURN_TYPE = YES_ERROR;
				GCC_WARN_UNDECLARED_SELECTOR = YES;
				GCC_WARN_UNINITIALIZED_AUTOS = YES_AGGRESSIVE;
				GCC_WARN_UNUSED_FUNCTION = YES;
				GCC_WARN_UNUSED_VARIABLE = YES;
				IPHONEOS_DEPLOYMENT_TARGET = 13.1;
				MTL_ENABLE_DEBUG_INFO = NO;
				MTL_FAST_MATH = YES;
				SDKROOT = iphoneos;
				SWIFT_COMPILATION_MODE = wholemodule;
				SWIFT_OPTIMIZATION_LEVEL = "-O";
				VALIDATE_PRODUCT = YES;
			};
			name = Release;
		};
		D69481C82462FAE200CE18D5 /* Debug */ = {
			isa = XCBuildConfiguration;
			baseConfigurationReference = 862CFFB997F1DA302A938AD7 /* Pods-Movielix.debug.xcconfig */;
			buildSettings = {
				ASSETCATALOG_COMPILER_APPICON_NAME = AppIcon;
				CODE_SIGN_STYLE = Automatic;
				DEVELOPMENT_TEAM = 6TCT8D5573;
				INFOPLIST_FILE = Movielix/Info.plist;
				IPHONEOS_DEPLOYMENT_TARGET = 10.0;
				LD_RUNPATH_SEARCH_PATHS = (
					"$(inherited)",
					"@executable_path/Frameworks",
				);
				PRODUCT_BUNDLE_IDENTIFIER = com.swvl.Movielix;
				PRODUCT_NAME = "$(TARGET_NAME)";
				SWIFT_VERSION = 5.0;
				TARGETED_DEVICE_FAMILY = "1,2";
			};
			name = Debug;
		};
		D69481C92462FAE200CE18D5 /* Release */ = {
			isa = XCBuildConfiguration;
			baseConfigurationReference = 29244786D2548B773FC65200 /* Pods-Movielix.release.xcconfig */;
			buildSettings = {
				ASSETCATALOG_COMPILER_APPICON_NAME = AppIcon;
				CODE_SIGN_STYLE = Automatic;
				DEVELOPMENT_TEAM = 6TCT8D5573;
				INFOPLIST_FILE = Movielix/Info.plist;
				IPHONEOS_DEPLOYMENT_TARGET = 10.0;
				LD_RUNPATH_SEARCH_PATHS = (
					"$(inherited)",
					"@executable_path/Frameworks",
				);
				PRODUCT_BUNDLE_IDENTIFIER = com.swvl.Movielix;
				PRODUCT_NAME = "$(TARGET_NAME)";
				SWIFT_VERSION = 5.0;
				TARGETED_DEVICE_FAMILY = "1,2";
			};
			name = Release;
		};
		D69481CB2462FAE200CE18D5 /* Debug */ = {
			isa = XCBuildConfiguration;
			baseConfigurationReference = BC2098BDFFAE6FED290C5D4B /* Pods-MovielixTests.debug.xcconfig */;
			buildSettings = {
				ALWAYS_EMBED_SWIFT_STANDARD_LIBRARIES = YES;
				BUNDLE_LOADER = "$(TEST_HOST)";
				CODE_SIGN_STYLE = Automatic;
				DEVELOPMENT_TEAM = 6TCT8D5573;
				INFOPLIST_FILE = MovielixTests/Info.plist;
				IPHONEOS_DEPLOYMENT_TARGET = 13.1;
				LD_RUNPATH_SEARCH_PATHS = (
					"$(inherited)",
					"@executable_path/Frameworks",
					"@loader_path/Frameworks",
				);
				PRODUCT_BUNDLE_IDENTIFIER = com.swvl.MovielixTests;
				PRODUCT_NAME = "$(TARGET_NAME)";
				SWIFT_VERSION = 5.0;
				TARGETED_DEVICE_FAMILY = "1,2";
				TEST_HOST = "$(BUILT_PRODUCTS_DIR)/Movielix.app/Movielix";
			};
			name = Debug;
		};
		D69481CC2462FAE200CE18D5 /* Release */ = {
			isa = XCBuildConfiguration;
			baseConfigurationReference = 87467C7D3B3C7D0399372BBF /* Pods-MovielixTests.release.xcconfig */;
			buildSettings = {
				ALWAYS_EMBED_SWIFT_STANDARD_LIBRARIES = YES;
				BUNDLE_LOADER = "$(TEST_HOST)";
				CODE_SIGN_STYLE = Automatic;
				DEVELOPMENT_TEAM = 6TCT8D5573;
				INFOPLIST_FILE = MovielixTests/Info.plist;
				IPHONEOS_DEPLOYMENT_TARGET = 13.1;
				LD_RUNPATH_SEARCH_PATHS = (
					"$(inherited)",
					"@executable_path/Frameworks",
					"@loader_path/Frameworks",
				);
				PRODUCT_BUNDLE_IDENTIFIER = com.swvl.MovielixTests;
				PRODUCT_NAME = "$(TARGET_NAME)";
				SWIFT_VERSION = 5.0;
				TARGETED_DEVICE_FAMILY = "1,2";
				TEST_HOST = "$(BUILT_PRODUCTS_DIR)/Movielix.app/Movielix";
			};
			name = Release;
		};
		D69481CE2462FAE200CE18D5 /* Debug */ = {
			isa = XCBuildConfiguration;
			baseConfigurationReference = 195F3A218770CDA831EE47B7 /* Pods-Movielix-MovielixUITests.debug.xcconfig */;
			buildSettings = {
				ALWAYS_EMBED_SWIFT_STANDARD_LIBRARIES = YES;
				CODE_SIGN_STYLE = Automatic;
				DEVELOPMENT_TEAM = 6TCT8D5573;
				INFOPLIST_FILE = MovielixUITests/Info.plist;
				LD_RUNPATH_SEARCH_PATHS = (
					"$(inherited)",
					"@executable_path/Frameworks",
					"@loader_path/Frameworks",
				);
				PRODUCT_BUNDLE_IDENTIFIER = com.swvl.MovielixUITests;
				PRODUCT_NAME = "$(TARGET_NAME)";
				SWIFT_VERSION = 5.0;
				TARGETED_DEVICE_FAMILY = "1,2";
				TEST_TARGET_NAME = Movielix;
			};
			name = Debug;
		};
		D69481CF2462FAE200CE18D5 /* Release */ = {
			isa = XCBuildConfiguration;
			baseConfigurationReference = 4C12EBC99C271DDECA11CF44 /* Pods-Movielix-MovielixUITests.release.xcconfig */;
			buildSettings = {
				ALWAYS_EMBED_SWIFT_STANDARD_LIBRARIES = YES;
				CODE_SIGN_STYLE = Automatic;
				DEVELOPMENT_TEAM = 6TCT8D5573;
				INFOPLIST_FILE = MovielixUITests/Info.plist;
				LD_RUNPATH_SEARCH_PATHS = (
					"$(inherited)",
					"@executable_path/Frameworks",
					"@loader_path/Frameworks",
				);
				PRODUCT_BUNDLE_IDENTIFIER = com.swvl.MovielixUITests;
				PRODUCT_NAME = "$(TARGET_NAME)";
				SWIFT_VERSION = 5.0;
				TARGETED_DEVICE_FAMILY = "1,2";
				TEST_TARGET_NAME = Movielix;
			};
			name = Release;
		};
/* End XCBuildConfiguration section */

/* Begin XCConfigurationList section */
		D69481982462FAE000CE18D5 /* Build configuration list for PBXProject "Movielix" */ = {
			isa = XCConfigurationList;
			buildConfigurations = (
				D69481C52462FAE200CE18D5 /* Debug */,
				D69481C62462FAE200CE18D5 /* Release */,
			);
			defaultConfigurationIsVisible = 0;
			defaultConfigurationName = Release;
		};
		D69481C72462FAE200CE18D5 /* Build configuration list for PBXNativeTarget "Movielix" */ = {
			isa = XCConfigurationList;
			buildConfigurations = (
				D69481C82462FAE200CE18D5 /* Debug */,
				D69481C92462FAE200CE18D5 /* Release */,
			);
			defaultConfigurationIsVisible = 0;
			defaultConfigurationName = Release;
		};
		D69481CA2462FAE200CE18D5 /* Build configuration list for PBXNativeTarget "MovielixTests" */ = {
			isa = XCConfigurationList;
			buildConfigurations = (
				D69481CB2462FAE200CE18D5 /* Debug */,
				D69481CC2462FAE200CE18D5 /* Release */,
			);
			defaultConfigurationIsVisible = 0;
			defaultConfigurationName = Release;
		};
		D69481CD2462FAE200CE18D5 /* Build configuration list for PBXNativeTarget "MovielixUITests" */ = {
			isa = XCConfigurationList;
			buildConfigurations = (
				D69481CE2462FAE200CE18D5 /* Debug */,
				D69481CF2462FAE200CE18D5 /* Release */,
			);
			defaultConfigurationIsVisible = 0;
			defaultConfigurationName = Release;
		};
/* End XCConfigurationList section */
	};
	rootObject = D69481952462FAE000CE18D5 /* Project object */;
}
